
Microsoft Visual Studio Solution File, Format Version 12.00
# Visual Studio Version 16
VisualStudioVersion = 16.0.29201.188
MinimumVisualStudioVersion = 10.0.40219.1
Project("{9A19103F-16F7-4668-BE54-9A1E7A4F7556}") = "TimeSpanParserUtil", "TimeParser\TimeSpanParserUtil.csproj", "{FDA037C1-7044-40C9-A809-17D2D77B298F}"
EndProject
Project("{9A19103F-16F7-4668-BE54-9A1E7A4F7556}") = "TimeSpanParserUtil.Tests", "TimeParser.Tests\TimeSpanParserUtil.Tests.csproj", "{17452AF9-208A-4190-A033-37789CBB9966}"
EndProject
Project("{FAE04EC0-301F-11D3-BF4B-00C04F79EFBC}") = "SuperTimeSpanParser", "SuperTimeSpanParser\SuperTimeSpanParser.csproj", "{C467430C-D932-473A-9CC6-200F76AC39D0}"
EndProject
Project("{FAE04EC0-301F-11D3-BF4B-00C04F79EFBC}") = "SuperUnitTestProject", "SuperUnitTestProject\SuperUnitTestProject.csproj", "{A44AC856-C094-4B3C-9893-BC5DB3EAA76F}"
EndProject
Global
	GlobalSection(SolutionConfigurationPlatforms) = preSolution
		Debug|Any CPU = Debug|Any CPU
		Release|Any CPU = Release|Any CPU
	EndGlobalSection
	GlobalSection(ProjectConfigurationPlatforms) = postSolution
		{FDA037C1-7044-40C9-A809-17D2D77B298F}.Debug|Any CPU.ActiveCfg = Debug|Any CPU
		{FDA037C1-7044-40C9-A809-17D2D77B298F}.Debug|Any CPU.Build.0 = Debug|Any CPU
		{FDA037C1-7044-40C9-A809-17D2D77B298F}.Release|Any CPU.ActiveCfg = Release|Any CPU
		{FDA037C1-7044-40C9-A809-17D2D77B298F}.Release|Any CPU.Build.0 = Release|Any CPU
		{17452AF9-208A-4190-A033-37789CBB9966}.Debug|Any CPU.ActiveCfg = Debug|Any CPU
		{17452AF9-208A-4190-A033-37789CBB9966}.Debug|Any CPU.Build.0 = Debug|Any CPU
		{17452AF9-208A-4190-A033-37789CBB9966}.Release|Any CPU.ActiveCfg = Release|Any CPU
		{17452AF9-208A-4190-A033-37789CBB9966}.Release|Any CPU.Build.0 = Release|Any CPU
		{C467430C-D932-473A-9CC6-200F76AC39D0}.Debug|Any CPU.ActiveCfg = Debug|Any CPU
		{C467430C-D932-473A-9CC6-200F76AC39D0}.Debug|Any CPU.Build.0 = Debug|Any CPU
		{C467430C-D932-473A-9CC6-200F76AC39D0}.Release|Any CPU.ActiveCfg = Release|Any CPU
		{C467430C-D932-473A-9CC6-200F76AC39D0}.Release|Any CPU.Build.0 = Release|Any CPU
		{A44AC856-C094-4B3C-9893-BC5DB3EAA76F}.Debug|Any CPU.ActiveCfg = Debug|Any CPU
		{A44AC856-C094-4B3C-9893-BC5DB3EAA76F}.Debug|Any CPU.Build.0 = Debug|Any CPU
		{A44AC856-C094-4B3C-9893-BC5DB3EAA76F}.Release|Any CPU.ActiveCfg = Release|Any CPU
		{A44AC856-C094-4B3C-9893-BC5DB3EAA76F}.Release|Any CPU.Build.0 = Release|Any CPU
	EndGlobalSection
	GlobalSection(SolutionProperties) = preSolution
		HideSolutionNode = FALSE
	EndGlobalSection
	GlobalSection(ExtensibilityGlobals) = postSolution
		SolutionGuid = {0EBD566E-977A-4325-9A79-C1D3E6AC3125}
	EndGlobalSection
EndGlobal
